// !$*UTF8*$!
{
	archiveVersion = 1;
	classes = {
	};
	objectVersion = 56;
	objects = {

/* Begin PBXBuildFile section */
		B59355292C6B3EB600A0B221 /* Recipe.swift in Sources */ = {isa = PBXBuildFile; fileRef = B59355282C6B3EB600A0B221 /* Recipe.swift */; };
		B593552B2C6B3F3D00A0B221 /* Ingredient.swift in Sources */ = {isa = PBXBuildFile; fileRef = B593552A2C6B3F3D00A0B221 /* Ingredient.swift */; };
		B593552D2C6B455E00A0B221 /* Tag.swift in Sources */ = {isa = PBXBuildFile; fileRef = B593552C2C6B455D00A0B221 /* Tag.swift */; };
		B593552F2C6B4AAF00A0B221 /* CookingSchedule.swift in Sources */ = {isa = PBXBuildFile; fileRef = B593552E2C6B4AAF00A0B221 /* CookingSchedule.swift */; };
		B59355332C6DB1F000A0B221 /* Spacing.swift in Sources */ = {isa = PBXBuildFile; fileRef = B59355322C6DB1F000A0B221 /* Spacing.swift */; };
		B59355352C6DB2C500A0B221 /* CustomFont.swift in Sources */ = {isa = PBXBuildFile; fileRef = B59355342C6DB2C500A0B221 /* CustomFont.swift */; };
		B59355372C6DB85700A0B221 /* RecipeCardView.swift in Sources */ = {isa = PBXBuildFile; fileRef = B59355362C6DB85700A0B221 /* RecipeCardView.swift */; };
		B59355392C6DB8CD00A0B221 /* Colors.swift in Sources */ = {isa = PBXBuildFile; fileRef = B59355382C6DB8CD00A0B221 /* Colors.swift */; };
		B593553C2C6DB9D800A0B221 /* Color+Hex.swift in Sources */ = {isa = PBXBuildFile; fileRef = B593553B2C6DB9D800A0B221 /* Color+Hex.swift */; };
		B593553E2C6DC92A00A0B221 /* Array+Util.swift in Sources */ = {isa = PBXBuildFile; fileRef = B593553D2C6DC92A00A0B221 /* Array+Util.swift */; };
		B59355402C6DFB1000A0B221 /* SwiftDataService.swift in Sources */ = {isa = PBXBuildFile; fileRef = B593553F2C6DFB1000A0B221 /* SwiftDataService.swift */; };
		B59355432C70B11100A0B221 /* ImageLoader.swift in Sources */ = {isa = PBXBuildFile; fileRef = B59355422C70B11100A0B221 /* ImageLoader.swift */; };
		B59355462C70B1E300A0B221 /* SampleRecipeImage.xcassets in Resources */ = {isa = PBXBuildFile; fileRef = B59355452C70B1E300A0B221 /* SampleRecipeImage.xcassets */; };
		B593554A2C70BB1300A0B221 /* View+RoundCorner.swift in Sources */ = {isa = PBXBuildFile; fileRef = B59355492C70BB1300A0B221 /* View+RoundCorner.swift */; };
		B5AD9CED2C67082E006E1A01 /* CookingManagerApp.swift in Sources */ = {isa = PBXBuildFile; fileRef = B5AD9CEC2C67082E006E1A01 /* CookingManagerApp.swift */; };
		B5AD9CEF2C67082E006E1A01 /* ContentView.swift in Sources */ = {isa = PBXBuildFile; fileRef = B5AD9CEE2C67082E006E1A01 /* ContentView.swift */; };
		B5AD9CF12C67082E006E1A01 /* Item.swift in Sources */ = {isa = PBXBuildFile; fileRef = B5AD9CF02C67082E006E1A01 /* Item.swift */; };
		B5AD9CF32C67082F006E1A01 /* Assets.xcassets in Resources */ = {isa = PBXBuildFile; fileRef = B5AD9CF22C67082F006E1A01 /* Assets.xcassets */; };
		B5AD9CF62C67082F006E1A01 /* Preview Assets.xcassets in Resources */ = {isa = PBXBuildFile; fileRef = B5AD9CF52C67082F006E1A01 /* Preview Assets.xcassets */; };
		B5AD9D002C67082F006E1A01 /* CookingManagerTests.swift in Sources */ = {isa = PBXBuildFile; fileRef = B5AD9CFF2C67082F006E1A01 /* CookingManagerTests.swift */; };
		B5AD9D0A2C67082F006E1A01 /* CookingManagerUITests.swift in Sources */ = {isa = PBXBuildFile; fileRef = B5AD9D092C67082F006E1A01 /* CookingManagerUITests.swift */; };
		B5AD9D0C2C67082F006E1A01 /* CookingManagerUITestsLaunchTests.swift in Sources */ = {isa = PBXBuildFile; fileRef = B5AD9D0B2C67082F006E1A01 /* CookingManagerUITestsLaunchTests.swift */; };
/* End PBXBuildFile section */

/* Begin PBXContainerItemProxy section */
		B5AD9CFC2C67082F006E1A01 /* PBXContainerItemProxy */ = {
			isa = PBXContainerItemProxy;
			containerPortal = B5AD9CE12C67082E006E1A01 /* Project object */;
			proxyType = 1;
			remoteGlobalIDString = B5AD9CE82C67082E006E1A01;
			remoteInfo = CookingManager;
		};
		B5AD9D062C67082F006E1A01 /* PBXContainerItemProxy */ = {
			isa = PBXContainerItemProxy;
			containerPortal = B5AD9CE12C67082E006E1A01 /* Project object */;
			proxyType = 1;
			remoteGlobalIDString = B5AD9CE82C67082E006E1A01;
			remoteInfo = CookingManager;
		};
/* End PBXContainerItemProxy section */

/* Begin PBXFileReference section */
		B59355282C6B3EB600A0B221 /* Recipe.swift */ = {isa = PBXFileReference; lastKnownFileType = sourcecode.swift; path = Recipe.swift; sourceTree = "<group>"; };
		B593552A2C6B3F3D00A0B221 /* Ingredient.swift */ = {isa = PBXFileReference; lastKnownFileType = sourcecode.swift; path = Ingredient.swift; sourceTree = "<group>"; };
		B593552C2C6B455D00A0B221 /* Tag.swift */ = {isa = PBXFileReference; lastKnownFileType = sourcecode.swift; path = Tag.swift; sourceTree = "<group>"; };
		B593552E2C6B4AAF00A0B221 /* CookingSchedule.swift */ = {isa = PBXFileReference; lastKnownFileType = sourcecode.swift; path = CookingSchedule.swift; sourceTree = "<group>"; };
		B59355322C6DB1F000A0B221 /* Spacing.swift */ = {isa = PBXFileReference; lastKnownFileType = sourcecode.swift; path = Spacing.swift; sourceTree = "<group>"; };
		B59355342C6DB2C500A0B221 /* CustomFont.swift */ = {isa = PBXFileReference; lastKnownFileType = sourcecode.swift; path = CustomFont.swift; sourceTree = "<group>"; };
		B59355362C6DB85700A0B221 /* RecipeCardView.swift */ = {isa = PBXFileReference; lastKnownFileType = sourcecode.swift; path = RecipeCardView.swift; sourceTree = "<group>"; };
		B59355382C6DB8CD00A0B221 /* Colors.swift */ = {isa = PBXFileReference; lastKnownFileType = sourcecode.swift; path = Colors.swift; sourceTree = "<group>"; };
		B593553B2C6DB9D800A0B221 /* Color+Hex.swift */ = {isa = PBXFileReference; lastKnownFileType = sourcecode.swift; path = "Color+Hex.swift"; sourceTree = "<group>"; };
		B593553D2C6DC92A00A0B221 /* Array+Util.swift */ = {isa = PBXFileReference; lastKnownFileType = sourcecode.swift; path = "Array+Util.swift"; sourceTree = "<group>"; };
		B593553F2C6DFB1000A0B221 /* SwiftDataService.swift */ = {isa = PBXFileReference; lastKnownFileType = sourcecode.swift; path = SwiftDataService.swift; sourceTree = "<group>"; };
		B59355422C70B11100A0B221 /* ImageLoader.swift */ = {isa = PBXFileReference; lastKnownFileType = sourcecode.swift; path = ImageLoader.swift; sourceTree = "<group>"; };
		B59355452C70B1E300A0B221 /* SampleRecipeImage.xcassets */ = {isa = PBXFileReference; lastKnownFileType = folder.assetcatalog; path = SampleRecipeImage.xcassets; sourceTree = "<group>"; };
		B59355492C70BB1300A0B221 /* View+RoundCorner.swift */ = {isa = PBXFileReference; lastKnownFileType = sourcecode.swift; path = "View+RoundCorner.swift"; sourceTree = "<group>"; };
		B5AD9CE92C67082E006E1A01 /* CookingManager.app */ = {isa = PBXFileReference; explicitFileType = wrapper.application; includeInIndex = 0; path = CookingManager.app; sourceTree = BUILT_PRODUCTS_DIR; };
		B5AD9CEC2C67082E006E1A01 /* CookingManagerApp.swift */ = {isa = PBXFileReference; lastKnownFileType = sourcecode.swift; path = CookingManagerApp.swift; sourceTree = "<group>"; };
		B5AD9CEE2C67082E006E1A01 /* ContentView.swift */ = {isa = PBXFileReference; lastKnownFileType = sourcecode.swift; path = ContentView.swift; sourceTree = "<group>"; };
		B5AD9CF02C67082E006E1A01 /* Item.swift */ = {isa = PBXFileReference; lastKnownFileType = sourcecode.swift; path = Item.swift; sourceTree = "<group>"; };
		B5AD9CF22C67082F006E1A01 /* Assets.xcassets */ = {isa = PBXFileReference; lastKnownFileType = folder.assetcatalog; path = Assets.xcassets; sourceTree = "<group>"; };
		B5AD9CF52C67082F006E1A01 /* Preview Assets.xcassets */ = {isa = PBXFileReference; lastKnownFileType = folder.assetcatalog; path = "Preview Assets.xcassets"; sourceTree = "<group>"; };
		B5AD9CFB2C67082F006E1A01 /* CookingManagerTests.xctest */ = {isa = PBXFileReference; explicitFileType = wrapper.cfbundle; includeInIndex = 0; path = CookingManagerTests.xctest; sourceTree = BUILT_PRODUCTS_DIR; };
		B5AD9CFF2C67082F006E1A01 /* CookingManagerTests.swift */ = {isa = PBXFileReference; lastKnownFileType = sourcecode.swift; path = CookingManagerTests.swift; sourceTree = "<group>"; };
		B5AD9D052C67082F006E1A01 /* CookingManagerUITests.xctest */ = {isa = PBXFileReference; explicitFileType = wrapper.cfbundle; includeInIndex = 0; path = CookingManagerUITests.xctest; sourceTree = BUILT_PRODUCTS_DIR; };
		B5AD9D092C67082F006E1A01 /* CookingManagerUITests.swift */ = {isa = PBXFileReference; lastKnownFileType = sourcecode.swift; path = CookingManagerUITests.swift; sourceTree = "<group>"; };
		B5AD9D0B2C67082F006E1A01 /* CookingManagerUITestsLaunchTests.swift */ = {isa = PBXFileReference; lastKnownFileType = sourcecode.swift; path = CookingManagerUITestsLaunchTests.swift; sourceTree = "<group>"; };
/* End PBXFileReference section */

/* Begin PBXFrameworksBuildPhase section */
		B5AD9CE62C67082E006E1A01 /* Frameworks */ = {
			isa = PBXFrameworksBuildPhase;
			buildActionMask = 2147483647;
			files = (
			);
			runOnlyForDeploymentPostprocessing = 0;
		};
		B5AD9CF82C67082F006E1A01 /* Frameworks */ = {
			isa = PBXFrameworksBuildPhase;
			buildActionMask = 2147483647;
			files = (
			);
			runOnlyForDeploymentPostprocessing = 0;
		};
		B5AD9D022C67082F006E1A01 /* Frameworks */ = {
			isa = PBXFrameworksBuildPhase;
			buildActionMask = 2147483647;
			files = (
			);
			runOnlyForDeploymentPostprocessing = 0;
		};
/* End PBXFrameworksBuildPhase section */

/* Begin PBXGroup section */
		B593553A2C6DB9A600A0B221 /* Extensions */ = {
			isa = PBXGroup;
			children = (
				B593553D2C6DC92A00A0B221 /* Array+Util.swift */,
				B593553B2C6DB9D800A0B221 /* Color+Hex.swift */,
				B59355492C70BB1300A0B221 /* View+RoundCorner.swift */,
			);
			path = Extensions;
			sourceTree = "<group>";
		};
		B59355412C70B0FF00A0B221 /* Utils */ = {
			isa = PBXGroup;
			children = (
				B59355422C70B11100A0B221 /* ImageLoader.swift */,
			);
			path = Utils;
			sourceTree = "<group>";
		};
		B59355442C70B19E00A0B221 /* Resources */ = {
			isa = PBXGroup;
			children = (
				B59355452C70B1E300A0B221 /* SampleRecipeImage.xcassets */,
			);
			path = Resources;
			sourceTree = "<group>";
		};
		B5AD9CE02C67082E006E1A01 = {
			isa = PBXGroup;
			children = (
				B5AD9CEB2C67082E006E1A01 /* CookingManager */,
				B5AD9CFE2C67082F006E1A01 /* CookingManagerTests */,
				B5AD9D082C67082F006E1A01 /* CookingManagerUITests */,
				B5AD9CEA2C67082E006E1A01 /* Products */,
			);
			sourceTree = "<group>";
		};
		B5AD9CEA2C67082E006E1A01 /* Products */ = {
			isa = PBXGroup;
			children = (
				B5AD9CE92C67082E006E1A01 /* CookingManager.app */,
				B5AD9CFB2C67082F006E1A01 /* CookingManagerTests.xctest */,
				B5AD9D052C67082F006E1A01 /* CookingManagerUITests.xctest */,
			);
			name = Products;
			sourceTree = "<group>";
		};
		B5AD9CEB2C67082E006E1A01 /* CookingManager */ = {
			isa = PBXGroup;
			children = (
				B5AD9CEE2C67082E006E1A01 /* ContentView.swift */,
				B5AD9CEC2C67082E006E1A01 /* CookingManagerApp.swift */,
				B5AD9CF02C67082E006E1A01 /* Item.swift */,
				B5AD9CF22C67082F006E1A01 /* Assets.xcassets */,
				B5AD9D1C2C6AF2A6006E1A01 /* Appearance */,
				B593553A2C6DB9A600A0B221 /* Extensions */,
				B5AD9D182C67172D006E1A01 /* Models */,
				B5AD9CF42C67082F006E1A01 /* Preview Content */,
				B59355442C70B19E00A0B221 /* Resources */,
				B5AD9D192C671761006E1A01 /* Screens */,
				B5AD9D1B2C671843006E1A01 /* Services */,
				B59355412C70B0FF00A0B221 /* Utils */,
				B5AD9D1A2C671772006E1A01 /* Views */,
			);
			path = CookingManager;
			sourceTree = "<group>";
		};
		B5AD9CF42C67082F006E1A01 /* Preview Content */ = {
			isa = PBXGroup;
			children = (
				B5AD9CF52C67082F006E1A01 /* Preview Assets.xcassets */,
			);
			path = "Preview Content";
			sourceTree = "<group>";
		};
		B5AD9CFE2C67082F006E1A01 /* CookingManagerTests */ = {
			isa = PBXGroup;
			children = (
				B5AD9CFF2C67082F006E1A01 /* CookingManagerTests.swift */,
			);
			path = CookingManagerTests;
			sourceTree = "<group>";
		};
		B5AD9D082C67082F006E1A01 /* CookingManagerUITests */ = {
			isa = PBXGroup;
			children = (
				B5AD9D092C67082F006E1A01 /* CookingManagerUITests.swift */,
				B5AD9D0B2C67082F006E1A01 /* CookingManagerUITestsLaunchTests.swift */,
			);
			path = CookingManagerUITests;
			sourceTree = "<group>";
		};
		B5AD9D182C67172D006E1A01 /* Models */ = {
			isa = PBXGroup;
			children = (
				B593552E2C6B4AAF00A0B221 /* CookingSchedule.swift */,
				B593552A2C6B3F3D00A0B221 /* Ingredient.swift */,
				B59355282C6B3EB600A0B221 /* Recipe.swift */,
				B593552C2C6B455D00A0B221 /* Tag.swift */,
			);
			path = Models;
			sourceTree = "<group>";
		};
		B5AD9D192C671761006E1A01 /* Screens */ = {
			isa = PBXGroup;
			children = (
			);
			path = Screens;
			sourceTree = "<group>";
		};
		B5AD9D1A2C671772006E1A01 /* Views */ = {
			isa = PBXGroup;
			children = (
				B59355362C6DB85700A0B221 /* RecipeCardView.swift */,
			);
			path = Views;
			sourceTree = "<group>";
		};
		B5AD9D1B2C671843006E1A01 /* Services */ = {
			isa = PBXGroup;
			children = (
				B593553F2C6DFB1000A0B221 /* SwiftDataService.swift */,
			);
			path = Services;
			sourceTree = "<group>";
		};
		B5AD9D1C2C6AF2A6006E1A01 /* Appearance */ = {
			isa = PBXGroup;
			children = (
				B59355382C6DB8CD00A0B221 /* Colors.swift */,
				B59355342C6DB2C500A0B221 /* CustomFont.swift */,
				B59355322C6DB1F000A0B221 /* Spacing.swift */,
			);
			path = Appearance;
			sourceTree = "<group>";
		};
/* End PBXGroup section */

/* Begin PBXNativeTarget section */
		B5AD9CE82C67082E006E1A01 /* CookingManager */ = {
			isa = PBXNativeTarget;
			buildConfigurationList = B5AD9D0F2C67082F006E1A01 /* Build configuration list for PBXNativeTarget "CookingManager" */;
			buildPhases = (
				B5AD9CE52C67082E006E1A01 /* Sources */,
				B5AD9CE62C67082E006E1A01 /* Frameworks */,
				B5AD9CE72C67082E006E1A01 /* Resources */,
			);
			buildRules = (
			);
			dependencies = (
			);
			name = CookingManager;
			productName = CookingManager;
			productReference = B5AD9CE92C67082E006E1A01 /* CookingManager.app */;
			productType = "com.apple.product-type.application";
		};
		B5AD9CFA2C67082F006E1A01 /* CookingManagerTests */ = {
			isa = PBXNativeTarget;
			buildConfigurationList = B5AD9D122C67082F006E1A01 /* Build configuration list for PBXNativeTarget "CookingManagerTests" */;
			buildPhases = (
				B5AD9CF72C67082F006E1A01 /* Sources */,
				B5AD9CF82C67082F006E1A01 /* Frameworks */,
				B5AD9CF92C67082F006E1A01 /* Resources */,
			);
			buildRules = (
			);
			dependencies = (
				B5AD9CFD2C67082F006E1A01 /* PBXTargetDependency */,
			);
			name = CookingManagerTests;
			productName = CookingManagerTests;
			productReference = B5AD9CFB2C67082F006E1A01 /* CookingManagerTests.xctest */;
			productType = "com.apple.product-type.bundle.unit-test";
		};
		B5AD9D042C67082F006E1A01 /* CookingManagerUITests */ = {
			isa = PBXNativeTarget;
			buildConfigurationList = B5AD9D152C67082F006E1A01 /* Build configuration list for PBXNativeTarget "CookingManagerUITests" */;
			buildPhases = (
				B5AD9D012C67082F006E1A01 /* Sources */,
				B5AD9D022C67082F006E1A01 /* Frameworks */,
				B5AD9D032C67082F006E1A01 /* Resources */,
			);
			buildRules = (
			);
			dependencies = (
				B5AD9D072C67082F006E1A01 /* PBXTargetDependency */,
			);
			name = CookingManagerUITests;
			productName = CookingManagerUITests;
			productReference = B5AD9D052C67082F006E1A01 /* CookingManagerUITests.xctest */;
			productType = "com.apple.product-type.bundle.ui-testing";
		};
/* End PBXNativeTarget section */

/* Begin PBXProject section */
		B5AD9CE12C67082E006E1A01 /* Project object */ = {
			isa = PBXProject;
			attributes = {
				BuildIndependentTargetsInParallel = 1;
				LastSwiftUpdateCheck = 1540;
				LastUpgradeCheck = 1540;
				TargetAttributes = {
					B5AD9CE82C67082E006E1A01 = {
						CreatedOnToolsVersion = 15.4;
					};
					B5AD9CFA2C67082F006E1A01 = {
						CreatedOnToolsVersion = 15.4;
						TestTargetID = B5AD9CE82C67082E006E1A01;
					};
					B5AD9D042C67082F006E1A01 = {
						CreatedOnToolsVersion = 15.4;
						TestTargetID = B5AD9CE82C67082E006E1A01;
					};
				};
			};
			buildConfigurationList = B5AD9CE42C67082E006E1A01 /* Build configuration list for PBXProject "CookingManager" */;
			compatibilityVersion = "Xcode 14.0";
			developmentRegion = en;
			hasScannedForEncodings = 0;
			knownRegions = (
				en,
				Base,
			);
			mainGroup = B5AD9CE02C67082E006E1A01;
			productRefGroup = B5AD9CEA2C67082E006E1A01 /* Products */;
			projectDirPath = "";
			projectRoot = "";
			targets = (
				B5AD9CE82C67082E006E1A01 /* CookingManager */,
				B5AD9CFA2C67082F006E1A01 /* CookingManagerTests */,
				B5AD9D042C67082F006E1A01 /* CookingManagerUITests */,
			);
		};
/* End PBXProject section */

/* Begin PBXResourcesBuildPhase section */
		B5AD9CE72C67082E006E1A01 /* Resources */ = {
			isa = PBXResourcesBuildPhase;
			buildActionMask = 2147483647;
			files = (
				B5AD9CF62C67082F006E1A01 /* Preview Assets.xcassets in Resources */,
				B59355462C70B1E300A0B221 /* SampleRecipeImage.xcassets in Resources */,
				B5AD9CF32C67082F006E1A01 /* Assets.xcassets in Resources */,
			);
			runOnlyForDeploymentPostprocessing = 0;
		};
		B5AD9CF92C67082F006E1A01 /* Resources */ = {
			isa = PBXResourcesBuildPhase;
			buildActionMask = 2147483647;
			files = (
			);
			runOnlyForDeploymentPostprocessing = 0;
		};
		B5AD9D032C67082F006E1A01 /* Resources */ = {
			isa = PBXResourcesBuildPhase;
			buildActionMask = 2147483647;
			files = (
			);
			runOnlyForDeploymentPostprocessing = 0;
		};
/* End PBXResourcesBuildPhase section */

/* Begin PBXSourcesBuildPhase section */
		B5AD9CE52C67082E006E1A01 /* Sources */ = {
			isa = PBXSourcesBuildPhase;
			buildActionMask = 2147483647;
			files = (
				B59355352C6DB2C500A0B221 /* CustomFont.swift in Sources */,
				B59355392C6DB8CD00A0B221 /* Colors.swift in Sources */,
				B59355432C70B11100A0B221 /* ImageLoader.swift in Sources */,
				B593552F2C6B4AAF00A0B221 /* CookingSchedule.swift in Sources */,
				B59355402C6DFB1000A0B221 /* SwiftDataService.swift in Sources */,
				B593552D2C6B455E00A0B221 /* Tag.swift in Sources */,
				B59355332C6DB1F000A0B221 /* Spacing.swift in Sources */,
				B593553C2C6DB9D800A0B221 /* Color+Hex.swift in Sources */,
				B593554A2C70BB1300A0B221 /* View+RoundCorner.swift in Sources */,
				B593553E2C6DC92A00A0B221 /* Array+Util.swift in Sources */,
				B59355292C6B3EB600A0B221 /* Recipe.swift in Sources */,
				B5AD9CEF2C67082E006E1A01 /* ContentView.swift in Sources */,
				B59355372C6DB85700A0B221 /* RecipeCardView.swift in Sources */,
				B593552B2C6B3F3D00A0B221 /* Ingredient.swift in Sources */,
				B5AD9CF12C67082E006E1A01 /* Item.swift in Sources */,
				B5AD9CED2C67082E006E1A01 /* CookingManagerApp.swift in Sources */,
			);
			runOnlyForDeploymentPostprocessing = 0;
		};
		B5AD9CF72C67082F006E1A01 /* Sources */ = {
			isa = PBXSourcesBuildPhase;
			buildActionMask = 2147483647;
			files = (
				B5AD9D002C67082F006E1A01 /* CookingManagerTests.swift in Sources */,
			);
			runOnlyForDeploymentPostprocessing = 0;
		};
		B5AD9D012C67082F006E1A01 /* Sources */ = {
			isa = PBXSourcesBuildPhase;
			buildActionMask = 2147483647;
			files = (
				B5AD9D0A2C67082F006E1A01 /* CookingManagerUITests.swift in Sources */,
				B5AD9D0C2C67082F006E1A01 /* CookingManagerUITestsLaunchTests.swift in Sources */,
			);
			runOnlyForDeploymentPostprocessing = 0;
		};
/* End PBXSourcesBuildPhase section */

/* Begin PBXTargetDependency section */
		B5AD9CFD2C67082F006E1A01 /* PBXTargetDependency */ = {
			isa = PBXTargetDependency;
			target = B5AD9CE82C67082E006E1A01 /* CookingManager */;
			targetProxy = B5AD9CFC2C67082F006E1A01 /* PBXContainerItemProxy */;
		};
		B5AD9D072C67082F006E1A01 /* PBXTargetDependency */ = {
			isa = PBXTargetDependency;
			target = B5AD9CE82C67082E006E1A01 /* CookingManager */;
			targetProxy = B5AD9D062C67082F006E1A01 /* PBXContainerItemProxy */;
		};
/* End PBXTargetDependency section */

/* Begin XCBuildConfiguration section */
		B5AD9D0D2C67082F006E1A01 /* Debug */ = {
			isa = XCBuildConfiguration;
			buildSettings = {
				ALWAYS_SEARCH_USER_PATHS = NO;
				ASSETCATALOG_COMPILER_GENERATE_SWIFT_ASSET_SYMBOL_EXTENSIONS = YES;
				CLANG_ANALYZER_NONNULL = YES;
				CLANG_ANALYZER_NUMBER_OBJECT_CONVERSION = YES_AGGRESSIVE;
				CLANG_CXX_LANGUAGE_STANDARD = "gnu++20";
				CLANG_ENABLE_MODULES = YES;
				CLANG_ENABLE_OBJC_ARC = YES;
				CLANG_ENABLE_OBJC_WEAK = YES;
				CLANG_WARN_BLOCK_CAPTURE_AUTORELEASING = YES;
				CLANG_WARN_BOOL_CONVERSION = YES;
				CLANG_WARN_COMMA = YES;
				CLANG_WARN_CONSTANT_CONVERSION = YES;
				CLANG_WARN_DEPRECATED_OBJC_IMPLEMENTATIONS = YES;
				CLANG_WARN_DIRECT_OBJC_ISA_USAGE = YES_ERROR;
				CLANG_WARN_DOCUMENTATION_COMMENTS = YES;
				CLANG_WARN_EMPTY_BODY = YES;
				CLANG_WARN_ENUM_CONVERSION = YES;
				CLANG_WARN_INFINITE_RECURSION = YES;
				CLANG_WARN_INT_CONVERSION = YES;
				CLANG_WARN_NON_LITERAL_NULL_CONVERSION = YES;
				CLANG_WARN_OBJC_IMPLICIT_RETAIN_SELF = YES;
				CLANG_WARN_OBJC_LITERAL_CONVERSION = YES;
				CLANG_WARN_OBJC_ROOT_CLASS = YES_ERROR;
				CLANG_WARN_QUOTED_INCLUDE_IN_FRAMEWORK_HEADER = YES;
				CLANG_WARN_RANGE_LOOP_ANALYSIS = YES;
				CLANG_WARN_STRICT_PROTOTYPES = YES;
				CLANG_WARN_SUSPICIOUS_MOVE = YES;
				CLANG_WARN_UNGUARDED_AVAILABILITY = YES_AGGRESSIVE;
				CLANG_WARN_UNREACHABLE_CODE = YES;
				CLANG_WARN__DUPLICATE_METHOD_MATCH = YES;
				COPY_PHASE_STRIP = NO;
				DEBUG_INFORMATION_FORMAT = dwarf;
				ENABLE_STRICT_OBJC_MSGSEND = YES;
				ENABLE_TESTABILITY = YES;
				ENABLE_USER_SCRIPT_SANDBOXING = YES;
				GCC_C_LANGUAGE_STANDARD = gnu17;
				GCC_DYNAMIC_NO_PIC = NO;
				GCC_NO_COMMON_BLOCKS = YES;
				GCC_OPTIMIZATION_LEVEL = 0;
				GCC_PREPROCESSOR_DEFINITIONS = (
					"DEBUG=1",
					"$(inherited)",
				);
				GCC_WARN_64_TO_32_BIT_CONVERSION = YES;
				GCC_WARN_ABOUT_RETURN_TYPE = YES_ERROR;
				GCC_WARN_UNDECLARED_SELECTOR = YES;
				GCC_WARN_UNINITIALIZED_AUTOS = YES_AGGRESSIVE;
				GCC_WARN_UNUSED_FUNCTION = YES;
				GCC_WARN_UNUSED_VARIABLE = YES;
				IPHONEOS_DEPLOYMENT_TARGET = 17.5;
				LOCALIZATION_PREFERS_STRING_CATALOGS = YES;
				MTL_ENABLE_DEBUG_INFO = INCLUDE_SOURCE;
				MTL_FAST_MATH = YES;
				ONLY_ACTIVE_ARCH = YES;
				SDKROOT = iphoneos;
				SWIFT_ACTIVE_COMPILATION_CONDITIONS = "DEBUG $(inherited)";
				SWIFT_OPTIMIZATION_LEVEL = "-Onone";
			};
			name = Debug;
		};
		B5AD9D0E2C67082F006E1A01 /* Release */ = {
			isa = XCBuildConfiguration;
			buildSettings = {
				ALWAYS_SEARCH_USER_PATHS = NO;
				ASSETCATALOG_COMPILER_GENERATE_SWIFT_ASSET_SYMBOL_EXTENSIONS = YES;
				CLANG_ANALYZER_NONNULL = YES;
				CLANG_ANALYZER_NUMBER_OBJECT_CONVERSION = YES_AGGRESSIVE;
				CLANG_CXX_LANGUAGE_STANDARD = "gnu++20";
				CLANG_ENABLE_MODULES = YES;
				CLANG_ENABLE_OBJC_ARC = YES;
				CLANG_ENABLE_OBJC_WEAK = YES;
				CLANG_WARN_BLOCK_CAPTURE_AUTORELEASING = YES;
				CLANG_WARN_BOOL_CONVERSION = YES;
				CLANG_WARN_COMMA = YES;
				CLANG_WARN_CONSTANT_CONVERSION = YES;
				CLANG_WARN_DEPRECATED_OBJC_IMPLEMENTATIONS = YES;
				CLANG_WARN_DIRECT_OBJC_ISA_USAGE = YES_ERROR;
				CLANG_WARN_DOCUMENTATION_COMMENTS = YES;
				CLANG_WARN_EMPTY_BODY = YES;
				CLANG_WARN_ENUM_CONVERSION = YES;
				CLANG_WARN_INFINITE_RECURSION = YES;
				CLANG_WARN_INT_CONVERSION = YES;
				CLANG_WARN_NON_LITERAL_NULL_CONVERSION = YES;
				CLANG_WARN_OBJC_IMPLICIT_RETAIN_SELF = YES;
				CLANG_WARN_OBJC_LITERAL_CONVERSION = YES;
				CLANG_WARN_OBJC_ROOT_CLASS = YES_ERROR;
				CLANG_WARN_QUOTED_INCLUDE_IN_FRAMEWORK_HEADER = YES;
				CLANG_WARN_RANGE_LOOP_ANALYSIS = YES;
				CLANG_WARN_STRICT_PROTOTYPES = YES;
				CLANG_WARN_SUSPICIOUS_MOVE = YES;
				CLANG_WARN_UNGUARDED_AVAILABILITY = YES_AGGRESSIVE;
				CLANG_WARN_UNREACHABLE_CODE = YES;
				CLANG_WARN__DUPLICATE_METHOD_MATCH = YES;
				COPY_PHASE_STRIP = NO;
				DEBUG_INFORMATION_FORMAT = "dwarf-with-dsym";
				ENABLE_NS_ASSERTIONS = NO;
				ENABLE_STRICT_OBJC_MSGSEND = YES;
				ENABLE_USER_SCRIPT_SANDBOXING = YES;
				GCC_C_LANGUAGE_STANDARD = gnu17;
				GCC_NO_COMMON_BLOCKS = YES;
				GCC_WARN_64_TO_32_BIT_CONVERSION = YES;
				GCC_WARN_ABOUT_RETURN_TYPE = YES_ERROR;
				GCC_WARN_UNDECLARED_SELECTOR = YES;
				GCC_WARN_UNINITIALIZED_AUTOS = YES_AGGRESSIVE;
				GCC_WARN_UNUSED_FUNCTION = YES;
				GCC_WARN_UNUSED_VARIABLE = YES;
				IPHONEOS_DEPLOYMENT_TARGET = 17.5;
				LOCALIZATION_PREFERS_STRING_CATALOGS = YES;
				MTL_ENABLE_DEBUG_INFO = NO;
				MTL_FAST_MATH = YES;
				SDKROOT = iphoneos;
				SWIFT_COMPILATION_MODE = wholemodule;
				VALIDATE_PRODUCT = YES;
			};
			name = Release;
		};
		B5AD9D102C67082F006E1A01 /* Debug */ = {
			isa = XCBuildConfiguration;
			buildSettings = {
				ASSETCATALOG_COMPILER_APPICON_NAME = AppIcon;
				ASSETCATALOG_COMPILER_GLOBAL_ACCENT_COLOR_NAME = AccentColor;
				CODE_SIGN_STYLE = Automatic;
				CURRENT_PROJECT_VERSION = 1;
				DEVELOPMENT_ASSET_PATHS = "\"CookingManager/Preview Content\"";
				ENABLE_PREVIEWS = YES;
				GENERATE_INFOPLIST_FILE = YES;
				INFOPLIST_KEY_UIApplicationSceneManifest_Generation = YES;
				INFOPLIST_KEY_UIApplicationSupportsIndirectInputEvents = YES;
				INFOPLIST_KEY_UILaunchScreen_Generation = YES;
				INFOPLIST_KEY_UISupportedInterfaceOrientations_iPad = "UIInterfaceOrientationPortrait UIInterfaceOrientationPortraitUpsideDown UIInterfaceOrientationLandscapeLeft UIInterfaceOrientationLandscapeRight";
				INFOPLIST_KEY_UISupportedInterfaceOrientations_iPhone = "UIInterfaceOrientationPortrait UIInterfaceOrientationLandscapeLeft UIInterfaceOrientationLandscapeRight";
				LD_RUNPATH_SEARCH_PATHS = (
					"$(inherited)",
					"@executable_path/Frameworks",
				);
				MARKETING_VERSION = 1.0;
				PRODUCT_BUNDLE_IDENTIFIER = weiChen.CookingManager;
				PRODUCT_NAME = "$(TARGET_NAME)";
				SWIFT_EMIT_LOC_STRINGS = YES;
				SWIFT_VERSION = 5.0;
				TARGETED_DEVICE_FAMILY = "1,2";
			};
			name = Debug;
		};
		B5AD9D112C67082F006E1A01 /* Release */ = {
			isa = XCBuildConfiguration;
			buildSettings = {
				ASSETCATALOG_COMPILER_APPICON_NAME = AppIcon;
				ASSETCATALOG_COMPILER_GLOBAL_ACCENT_COLOR_NAME = AccentColor;
				CODE_SIGN_STYLE = Automatic;
				CURRENT_PROJECT_VERSION = 1;
				DEVELOPMENT_ASSET_PATHS = "\"CookingManager/Preview Content\"";
				ENABLE_PREVIEWS = YES;
				GENERATE_INFOPLIST_FILE = YES;
				INFOPLIST_KEY_UIApplicationSceneManifest_Generation = YES;
				INFOPLIST_KEY_UIApplicationSupportsIndirectInputEvents = YES;
				INFOPLIST_KEY_UILaunchScreen_Generation = YES;
				INFOPLIST_KEY_UISupportedInterfaceOrientations_iPad = "UIInterfaceOrientationPortrait UIInterfaceOrientationPortraitUpsideDown UIInterfaceOrientationLandscapeLeft UIInterfaceOrientationLandscapeRight";
				INFOPLIST_KEY_UISupportedInterfaceOrientations_iPhone = "UIInterfaceOrientationPortrait UIInterfaceOrientationLandscapeLeft UIInterfaceOrientationLandscapeRight";
				LD_RUNPATH_SEARCH_PATHS = (
					"$(inherited)",
					"@executable_path/Frameworks",
				);
				MARKETING_VERSION = 1.0;
				PRODUCT_BUNDLE_IDENTIFIER = weiChen.CookingManager;
				PRODUCT_NAME = "$(TARGET_NAME)";
				SWIFT_EMIT_LOC_STRINGS = YES;
				SWIFT_VERSION = 5.0;
				TARGETED_DEVICE_FAMILY = "1,2";
			};
			name = Release;
		};
		B5AD9D132C67082F006E1A01 /* Debug */ = {
			isa = XCBuildConfiguration;
			buildSettings = {
				ALWAYS_EMBED_SWIFT_STANDARD_LIBRARIES = YES;
				BUNDLE_LOADER = "$(TEST_HOST)";
				CODE_SIGN_STYLE = Automatic;
				CURRENT_PROJECT_VERSION = 1;
				GENERATE_INFOPLIST_FILE = YES;
				IPHONEOS_DEPLOYMENT_TARGET = 17.5;
				MARKETING_VERSION = 1.0;
				PRODUCT_BUNDLE_IDENTIFIER = weiChen.CookingManagerTests;
				PRODUCT_NAME = "$(TARGET_NAME)";
				SWIFT_EMIT_LOC_STRINGS = NO;
				SWIFT_VERSION = 5.0;
				TARGETED_DEVICE_FAMILY = "1,2";
				TEST_HOST = "$(BUILT_PRODUCTS_DIR)/CookingManager.app/$(BUNDLE_EXECUTABLE_FOLDER_PATH)/CookingManager";
			};
			name = Debug;
		};
		B5AD9D142C67082F006E1A01 /* Release */ = {
			isa = XCBuildConfiguration;
			buildSettings = {
				ALWAYS_EMBED_SWIFT_STANDARD_LIBRARIES = YES;
				BUNDLE_LOADER = "$(TEST_HOST)";
				CODE_SIGN_STYLE = Automatic;
				CURRENT_PROJECT_VERSION = 1;
				GENERATE_INFOPLIST_FILE = YES;
				IPHONEOS_DEPLOYMENT_TARGET = 17.5;
				MARKETING_VERSION = 1.0;
				PRODUCT_BUNDLE_IDENTIFIER = weiChen.CookingManagerTests;
				PRODUCT_NAME = "$(TARGET_NAME)";
				SWIFT_EMIT_LOC_STRINGS = NO;
				SWIFT_VERSION = 5.0;
				TARGETED_DEVICE_FAMILY = "1,2";
				TEST_HOST = "$(BUILT_PRODUCTS_DIR)/CookingManager.app/$(BUNDLE_EXECUTABLE_FOLDER_PATH)/CookingManager";
			};
			name = Release;
		};
		B5AD9D162C67082F006E1A01 /* Debug */ = {
			isa = XCBuildConfiguration;
			buildSettings = {
				ALWAYS_EMBED_SWIFT_STANDARD_LIBRARIES = YES;
				CODE_SIGN_STYLE = Automatic;
				CURRENT_PROJECT_VERSION = 1;
				GENERATE_INFOPLIST_FILE = YES;
				MARKETING_VERSION = 1.0;
				PRODUCT_BUNDLE_IDENTIFIER = weiChen.CookingManagerUITests;
				PRODUCT_NAME = "$(TARGET_NAME)";
				SWIFT_EMIT_LOC_STRINGS = NO;
				SWIFT_VERSION = 5.0;
				TARGETED_DEVICE_FAMILY = "1,2";
				TEST_TARGET_NAME = CookingManager;
			};
			name = Debug;
		};
		B5AD9D172C67082F006E1A01 /* Release */ = {
			isa = XCBuildConfiguration;
			buildSettings = {
				ALWAYS_EMBED_SWIFT_STANDARD_LIBRARIES = YES;
				CODE_SIGN_STYLE = Automatic;
				CURRENT_PROJECT_VERSION = 1;
				GENERATE_INFOPLIST_FILE = YES;
				MARKETING_VERSION = 1.0;
				PRODUCT_BUNDLE_IDENTIFIER = weiChen.CookingManagerUITests;
				PRODUCT_NAME = "$(TARGET_NAME)";
				SWIFT_EMIT_LOC_STRINGS = NO;
				SWIFT_VERSION = 5.0;
				TARGETED_DEVICE_FAMILY = "1,2";
				TEST_TARGET_NAME = CookingManager;
			};
			name = Release;
		};
/* End XCBuildConfiguration section */

/* Begin XCConfigurationList section */
		B5AD9CE42C67082E006E1A01 /* Build configuration list for PBXProject "CookingManager" */ = {
			isa = XCConfigurationList;
			buildConfigurations = (
				B5AD9D0D2C67082F006E1A01 /* Debug */,
				B5AD9D0E2C67082F006E1A01 /* Release */,
			);
			defaultConfigurationIsVisible = 0;
			defaultConfigurationName = Release;
		};
		B5AD9D0F2C67082F006E1A01 /* Build configuration list for PBXNativeTarget "CookingManager" */ = {
			isa = XCConfigurationList;
			buildConfigurations = (
				B5AD9D102C67082F006E1A01 /* Debug */,
				B5AD9D112C67082F006E1A01 /* Release */,
			);
			defaultConfigurationIsVisible = 0;
			defaultConfigurationName = Release;
		};
		B5AD9D122C67082F006E1A01 /* Build configuration list for PBXNativeTarget "CookingManagerTests" */ = {
			isa = XCConfigurationList;
			buildConfigurations = (
				B5AD9D132C67082F006E1A01 /* Debug */,
				B5AD9D142C67082F006E1A01 /* Release */,
			);
			defaultConfigurationIsVisible = 0;
			defaultConfigurationName = Release;
		};
		B5AD9D152C67082F006E1A01 /* Build configuration list for PBXNativeTarget "CookingManagerUITests" */ = {
			isa = XCConfigurationList;
			buildConfigurations = (
				B5AD9D162C67082F006E1A01 /* Debug */,
				B5AD9D172C67082F006E1A01 /* Release */,
			);
			defaultConfigurationIsVisible = 0;
			defaultConfigurationName = Release;
		};
/* End XCConfigurationList section */
	};
	rootObject = B5AD9CE12C67082E006E1A01 /* Project object */;
}
